
Microsoft Visual Studio Solution File, Format Version 12.00
# Visual Studio 15
VisualStudioVersion = 15.0.26730.16
MinimumVisualStudioVersion = 10.0.40219.1
Project("{8BC9CEB8-8B4A-11D0-8D11-00A0C91BC942}") = "Apt Utility App", "Apt Utility App\Apt Utility App.vcxproj", "{5962A10C-60AF-40AB-8DA1-CC4F2F8613F4}"
EndProject
Global
	GlobalSection(SolutionConfigurationPlatforms) = preSolution
		Debug|x64 = Debug|x64
		Debug|x86 = Debug|x86
		Release|x64 = Release|x64
		Release|x86 = Release|x86
	EndGlobalSection
	GlobalSection(ProjectConfigurationPlatforms) = postSolution
		{5962A10C-60AF-40AB-8DA1-CC4F2F8613F4}.Debug|x64.ActiveCfg = Debug|x64
		{5962A10C-60AF-40AB-8DA1-CC4F2F8613F4}.Debug|x64.Build.0 = Debug|x64
		{5962A10C-60AF-40AB-8DA1-CC4F2F8613F4}.Debug|x86.ActiveCfg = Debug|Win32
		{5962A10C-60AF-40AB-8DA1-CC4F2F8613F4}.Debug|x86.Build.0 = Debug|Win32
		{5962A10C-60AF-40AB-8DA1-CC4F2F8613F4}.Release|x64.ActiveCfg = Release|x64
		{5962A10C-60AF-40AB-8DA1-CC4F2F8613F4}.Release|x64.Build.0 = Release|x64
		{5962A10C-60AF-40AB-8DA1-CC4F2F8613F4}.Release|x86.ActiveCfg = Release|Win32
		{5962A10C-60AF-40AB-8DA1-CC4F2F8613F4}.Release|x86.Build.0 = Release|Win32
	EndGlobalSection
	GlobalSection(SolutionProperties) = preSolution
		HideSolutionNode = FALSE
	EndGlobalSection
	GlobalSection(ExtensibilityGlobals) = postSolution
		SolutionGuid = {AC88DBA3-3D21-4F1A-9673-2AB85F225AE1}
	EndGlobalSection
EndGlobal
